// !$*UTF8*$!
{
	archiveVersion = 1;
	classes = {
	};
	objectVersion = 46;
	objects = {

/* Begin PBXBuildFile section */
		C31EE5E51E8EB75400433912 /* AppDelegate.swift in Sources */ = {isa = PBXBuildFile; fileRef = C31EE5E41E8EB75400433912 /* AppDelegate.swift */; };
		C31EE5EA1E8EB75400433912 /* Main.storyboard in Resources */ = {isa = PBXBuildFile; fileRef = C31EE5E81E8EB75400433912 /* Main.storyboard */; };
		C31EE5EC1E8EB75400433912 /* Assets.xcassets in Resources */ = {isa = PBXBuildFile; fileRef = C31EE5EB1E8EB75400433912 /* Assets.xcassets */; };
		C31EE5EF1E8EB75400433912 /* LaunchScreen.storyboard in Resources */ = {isa = PBXBuildFile; fileRef = C31EE5ED1E8EB75400433912 /* LaunchScreen.storyboard */; };
		C31EE5F71E8EBC6200433912 /* PairGeneratorTableViewController.swift in Sources */ = {isa = PBXBuildFile; fileRef = C31EE5F61E8EBC6200433912 /* PairGeneratorTableViewController.swift */; };
		C31EE5FB1E8EC28A00433912 /* PersonController.swift in Sources */ = {isa = PBXBuildFile; fileRef = C31EE5FA1E8EC28A00433912 /* PersonController.swift */; };
		C3E650871E8ED1090068C07D /* randomPairGenerator.xcdatamodeld in Sources */ = {isa = PBXBuildFile; fileRef = C3E650851E8ED1090068C07D /* randomPairGenerator.xcdatamodeld */; };
		C3E650891E8ED17E0068C07D /* Stack.swift in Sources */ = {isa = PBXBuildFile; fileRef = C3E650881E8ED17E0068C07D /* Stack.swift */; };
		C3E6508D1E8ED3DB0068C07D /* Person + Convenience.swift in Sources */ = {isa = PBXBuildFile; fileRef = C3E6508C1E8ED3DB0068C07D /* Person + Convenience.swift */; };
/* End PBXBuildFile section */

/* Begin PBXFileReference section */
		C31EE5E11E8EB75400433912 /* randomPairGenerator.app */ = {isa = PBXFileReference; explicitFileType = wrapper.application; includeInIndex = 0; path = randomPairGenerator.app; sourceTree = BUILT_PRODUCTS_DIR; };
		C31EE5E41E8EB75400433912 /* AppDelegate.swift */ = {isa = PBXFileReference; lastKnownFileType = sourcecode.swift; path = AppDelegate.swift; sourceTree = "<group>"; };
		C31EE5E91E8EB75400433912 /* Base */ = {isa = PBXFileReference; lastKnownFileType = file.storyboard; name = Base; path = Base.lproj/Main.storyboard; sourceTree = "<group>"; };
		C31EE5EB1E8EB75400433912 /* Assets.xcassets */ = {isa = PBXFileReference; lastKnownFileType = folder.assetcatalog; path = Assets.xcassets; sourceTree = "<group>"; };
		C31EE5EE1E8EB75400433912 /* Base */ = {isa = PBXFileReference; lastKnownFileType = file.storyboard; name = Base; path = Base.lproj/LaunchScreen.storyboard; sourceTree = "<group>"; };
		C31EE5F01E8EB75400433912 /* Info.plist */ = {isa = PBXFileReference; lastKnownFileType = text.plist.xml; path = Info.plist; sourceTree = "<group>"; };
		C31EE5F61E8EBC6200433912 /* PairGeneratorTableViewController.swift */ = {isa = PBXFileReference; fileEncoding = 4; lastKnownFileType = sourcecode.swift; path = PairGeneratorTableViewController.swift; sourceTree = "<group>"; };
		C31EE5FA1E8EC28A00433912 /* PersonController.swift */ = {isa = PBXFileReference; fileEncoding = 4; lastKnownFileType = sourcecode.swift; path = PersonController.swift; sourceTree = "<group>"; };
		C3E650861E8ED1090068C07D /* randomPairGenerator.xcdatamodel */ = {isa = PBXFileReference; lastKnownFileType = wrapper.xcdatamodel; path = randomPairGenerator.xcdatamodel; sourceTree = "<group>"; };
		C3E650881E8ED17E0068C07D /* Stack.swift */ = {isa = PBXFileReference; fileEncoding = 4; lastKnownFileType = sourcecode.swift; path = Stack.swift; sourceTree = "<group>"; };
		C3E6508C1E8ED3DB0068C07D /* Person + Convenience.swift */ = {isa = PBXFileReference; fileEncoding = 4; lastKnownFileType = sourcecode.swift; path = "Person + Convenience.swift"; sourceTree = "<group>"; };
/* End PBXFileReference section */

/* Begin PBXFrameworksBuildPhase section */
		C31EE5DE1E8EB75400433912 /* Frameworks */ = {
			isa = PBXFrameworksBuildPhase;
			buildActionMask = 2147483647;
			files = (
			);
			runOnlyForDeploymentPostprocessing = 0;
		};
/* End PBXFrameworksBuildPhase section */

/* Begin PBXGroup section */
		C31EE5D81E8EB75400433912 = {
			isa = PBXGroup;
			children = (
				C31EE5E31E8EB75400433912 /* randomPairGenerator */,
				C31EE5E21E8EB75400433912 /* Products */,
			);
			sourceTree = "<group>";
		};
		C31EE5E21E8EB75400433912 /* Products */ = {
			isa = PBXGroup;
			children = (
				C31EE5E11E8EB75400433912 /* randomPairGenerator.app */,
			);
			name = Products;
			sourceTree = "<group>";
		};
		C31EE5E31E8EB75400433912 /* randomPairGenerator */ = {
			isa = PBXGroup;
			children = (
				C3E650811E8ED0770068C07D /* Storyboards */,
				C3E650801E8ED0670068C07D /* ViewController */,
				C3E650821E8ED07D0068C07D /* Model */,
				C3E650831E8ED0850068C07D /* ModelController */,
				C3E650841E8ED0970068C07D /* SupportFiles */,
			);
			path = randomPairGenerator;
			sourceTree = "<group>";
		};
		C3E650801E8ED0670068C07D /* ViewController */ = {
			isa = PBXGroup;
			children = (
				C31EE5F61E8EBC6200433912 /* PairGeneratorTableViewController.swift */,
			);
			name = ViewController;
			sourceTree = "<group>";
		};
		C3E650811E8ED0770068C07D /* Storyboards */ = {
			isa = PBXGroup;
			children = (
				C31EE5E81E8EB75400433912 /* Main.storyboard */,
			);
			name = Storyboards;
			sourceTree = "<group>";
		};
		C3E650821E8ED07D0068C07D /* Model */ = {
			isa = PBXGroup;
			children = (
				C3E650851E8ED1090068C07D /* randomPairGenerator.xcdatamodeld */,
				C3E650881E8ED17E0068C07D /* Stack.swift */,
				C3E6508C1E8ED3DB0068C07D /* Person + Convenience.swift */,
			);
			name = Model;
			sourceTree = "<group>";
		};
		C3E650831E8ED0850068C07D /* ModelController */ = {
			isa = PBXGroup;
			children = (
				C31EE5FA1E8EC28A00433912 /* PersonController.swift */,
			);
			name = ModelController;
			sourceTree = "<group>";
		};
		C3E650841E8ED0970068C07D /* SupportFiles */ = {
			isa = PBXGroup;
			children = (
				C31EE5EB1E8EB75400433912 /* Assets.xcassets */,
				C31EE5E41E8EB75400433912 /* AppDelegate.swift */,
				C31EE5ED1E8EB75400433912 /* LaunchScreen.storyboard */,
				C31EE5F01E8EB75400433912 /* Info.plist */,
			);
			name = SupportFiles;
			sourceTree = "<group>";
		};
/* End PBXGroup section */

/* Begin PBXNativeTarget section */
		C31EE5E01E8EB75400433912 /* randomPairGenerator */ = {
			isa = PBXNativeTarget;
			buildConfigurationList = C31EE5F31E8EB75400433912 /* Build configuration list for PBXNativeTarget "randomPairGenerator" */;
			buildPhases = (
				C31EE5DD1E8EB75400433912 /* Sources */,
				C31EE5DE1E8EB75400433912 /* Frameworks */,
				C31EE5DF1E8EB75400433912 /* Resources */,
			);
			buildRules = (
			);
			dependencies = (
			);
			name = randomPairGenerator;
			productName = randomPairGenerator;
			productReference = C31EE5E11E8EB75400433912 /* randomPairGenerator.app */;
			productType = "com.apple.product-type.application";
		};
/* End PBXNativeTarget section */

/* Begin PBXProject section */
		C31EE5D91E8EB75400433912 /* Project object */ = {
			isa = PBXProject;
			attributes = {
				LastSwiftUpdateCheck = 0820;
				LastUpgradeCheck = 0820;
				ORGANIZATIONNAME = "Angela Montierth";
				TargetAttributes = {
					C31EE5E01E8EB75400433912 = {
						CreatedOnToolsVersion = 8.2.1;
						ProvisioningStyle = Automatic;
					};
				};
			};
			buildConfigurationList = C31EE5DC1E8EB75400433912 /* Build configuration list for PBXProject "randomPairGenerator" */;
			compatibilityVersion = "Xcode 3.2";
			developmentRegion = English;
			hasScannedForEncodings = 0;
			knownRegions = (
				en,
				Base,
			);
			mainGroup = C31EE5D81E8EB75400433912;
			productRefGroup = C31EE5E21E8EB75400433912 /* Products */;
			projectDirPath = "";
			projectRoot = "";
			targets = (
				C31EE5E01E8EB75400433912 /* randomPairGenerator */,
			);
		};
/* End PBXProject section */

/* Begin PBXResourcesBuildPhase section */
		C31EE5DF1E8EB75400433912 /* Resources */ = {
			isa = PBXResourcesBuildPhase;
			buildActionMask = 2147483647;
			files = (
				C31EE5EF1E8EB75400433912 /* LaunchScreen.storyboard in Resources */,
				C31EE5EC1E8EB75400433912 /* Assets.xcassets in Resources */,
				C31EE5EA1E8EB75400433912 /* Main.storyboard in Resources */,
			);
			runOnlyForDeploymentPostprocessing = 0;
		};
/* End PBXResourcesBuildPhase section */

/* Begin PBXSourcesBuildPhase section */
		C31EE5DD1E8EB75400433912 /* Sources */ = {
			isa = PBXSourcesBuildPhase;
			buildActionMask = 2147483647;
			files = (
				C3E650871E8ED1090068C07D /* randomPairGenerator.xcdatamodeld in Sources */,
				C31EE5FB1E8EC28A00433912 /* PersonController.swift in Sources */,
				C3E6508D1E8ED3DB0068C07D /* Person + Convenience.swift in Sources */,
				C31EE5E51E8EB75400433912 /* AppDelegate.swift in Sources */,
				C3E650891E8ED17E0068C07D /* Stack.swift in Sources */,
				C31EE5F71E8EBC6200433912 /* PairGeneratorTableViewController.swift in Sources */,
			);
			runOnlyForDeploymentPostprocessing = 0;
		};
/* End PBXSourcesBuildPhase section */

/* Begin PBXVariantGroup section */
		C31EE5E81E8EB75400433912 /* Main.storyboard */ = {
			isa = PBXVariantGroup;
			children = (
				C31EE5E91E8EB75400433912 /* Base */,
			);
			name = Main.storyboard;
			sourceTree = "<group>";
		};
		C31EE5ED1E8EB75400433912 /* LaunchScreen.storyboard */ = {
			isa = PBXVariantGroup;
			children = (
				C31EE5EE1E8EB75400433912 /* Base */,
			);
			name = LaunchScreen.storyboard;
			sourceTree = "<group>";
		};
/* End PBXVariantGroup section */

/* Begin XCBuildConfiguration section */
		C31EE5F11E8EB75400433912 /* Debug */ = {
			isa = XCBuildConfiguration;
			buildSettings = {
				ALWAYS_SEARCH_USER_PATHS = NO;
				CLANG_ANALYZER_NONNULL = YES;
				CLANG_CXX_LANGUAGE_STANDARD = "gnu++0x";
				CLANG_CXX_LIBRARY = "libc++";
				CLANG_ENABLE_MODULES = YES;
				CLANG_ENABLE_OBJC_ARC = YES;
				CLANG_WARN_BOOL_CONVERSION = YES;
				CLANG_WARN_CONSTANT_CONVERSION = YES;
				CLANG_WARN_DIRECT_OBJC_ISA_USAGE = YES_ERROR;
				CLANG_WARN_DOCUMENTATION_COMMENTS = YES;
				CLANG_WARN_EMPTY_BODY = YES;
				CLANG_WARN_ENUM_CONVERSION = YES;
				CLANG_WARN_INFINITE_RECURSION = YES;
				CLANG_WARN_INT_CONVERSION = YES;
				CLANG_WARN_OBJC_ROOT_CLASS = YES_ERROR;
				CLANG_WARN_SUSPICIOUS_MOVE = YES;
				CLANG_WARN_UNREACHABLE_CODE = YES;
				CLANG_WARN__DUPLICATE_METHOD_MATCH = YES;
				"CODE_SIGN_IDENTITY[sdk=iphoneos*]" = "iPhone Developer";
				COPY_PHASE_STRIP = NO;
				DEBUG_INFORMATION_FORMAT = dwarf;
				ENABLE_STRICT_OBJC_MSGSEND = YES;
				ENABLE_TESTABILITY = YES;
				GCC_C_LANGUAGE_STANDARD = gnu99;
				GCC_DYNAMIC_NO_PIC = NO;
				GCC_NO_COMMON_BLOCKS = YES;
				GCC_OPTIMIZATION_LEVEL = 0;
				GCC_PREPROCESSOR_DEFINITIONS = (
					"DEBUG=1",
					"$(inherited)",
				);
				GCC_WARN_64_TO_32_BIT_CONVERSION = YES;
				GCC_WARN_ABOUT_RETURN_TYPE = YES_ERROR;
				GCC_WARN_UNDECLARED_SELECTOR = YES;
				GCC_WARN_UNINITIALIZED_AUTOS = YES_AGGRESSIVE;
				GCC_WARN_UNUSED_FUNCTION = YES;
				GCC_WARN_UNUSED_VARIABLE = YES;
				IPHONEOS_DEPLOYMENT_TARGET = 10.2;
				MTL_ENABLE_DEBUG_INFO = YES;
				ONLY_ACTIVE_ARCH = YES;
				SDKROOT = iphoneos;
				SWIFT_ACTIVE_COMPILATION_CONDITIONS = DEBUG;
				SWIFT_OPTIMIZATION_LEVEL = "-Onone";
				TARGETED_DEVICE_FAMILY = "1,2";
			};
			name = Debug;
		};
		C31EE5F21E8EB75400433912 /* Release */ = {
			isa = XCBuildConfiguration;
			buildSettings = {
				ALWAYS_SEARCH_USER_PATHS = NO;
				CLANG_ANALYZER_NONNULL = YES;
				CLANG_CXX_LANGUAGE_STANDARD = "gnu++0x";
				CLANG_CXX_LIBRARY = "libc++";
				CLANG_ENABLE_MODULES = YES;
				CLANG_ENABLE_OBJC_ARC = YES;
				CLANG_WARN_BOOL_CONVERSION = YES;
				CLANG_WARN_CONSTANT_CONVERSION = YES;
				CLANG_WARN_DIRECT_OBJC_ISA_USAGE = YES_ERROR;
				CLANG_WARN_DOCUMENTATION_COMMENTS = YES;
				CLANG_WARN_EMPTY_BODY = YES;
				CLANG_WARN_ENUM_CONVERSION = YES;
				CLANG_WARN_INFINITE_RECURSION = YES;
				CLANG_WARN_INT_CONVERSION = YES;
				CLANG_WARN_OBJC_ROOT_CLASS = YES_ERROR;
				CLANG_WARN_SUSPICIOUS_MOVE = YES;
				CLANG_WARN_UNREACHABLE_CODE = YES;
				CLANG_WARN__DUPLICATE_METHOD_MATCH = YES;
				"CODE_SIGN_IDENTITY[sdk=iphoneos*]" = "iPhone Developer";
				COPY_PHASE_STRIP = NO;
				DEBUG_INFORMATION_FORMAT = "dwarf-with-dsym";
				ENABLE_NS_ASSERTIONS = NO;
				ENABLE_STRICT_OBJC_MSGSEND = YES;
				GCC_C_LANGUAGE_STANDARD = gnu99;
				GCC_NO_COMMON_BLOCKS = YES;
				GCC_WARN_64_TO_32_BIT_CONVERSION = YES;
				GCC_WARN_ABOUT_RETURN_TYPE = YES_ERROR;
				GCC_WARN_UNDECLARED_SELECTOR = YES;
				GCC_WARN_UNINITIALIZED_AUTOS = YES_AGGRESSIVE;
				GCC_WARN_UNUSED_FUNCTION = YES;
				GCC_WARN_UNUSED_VARIABLE = YES;
				IPHONEOS_DEPLOYMENT_TARGET = 10.2;
				MTL_ENABLE_DEBUG_INFO = NO;
				SDKROOT = iphoneos;
				SWIFT_OPTIMIZATION_LEVEL = "-Owholemodule";
				TARGETED_DEVICE_FAMILY = "1,2";
				VALIDATE_PRODUCT = YES;
			};
			name = Release;
		};
		C31EE5F41E8EB75400433912 /* Debug */ = {
			isa = XCBuildConfiguration;
			buildSettings = {
				ASSETCATALOG_COMPILER_APPICON_NAME = AppIcon;
				INFOPLIST_FILE = randomPairGenerator/Info.plist;
				LD_RUNPATH_SEARCH_PATHS = "$(inherited) @executable_path/Frameworks";
				PRODUCT_BUNDLE_IDENTIFIER = com.devMountain.randomPairGenerator;
				PRODUCT_NAME = "$(TARGET_NAME)";
				SWIFT_VERSION = 3.0;
			};
			name = Debug;
		};
		C31EE5F51E8EB75400433912 /* Release */ = {
			isa = XCBuildConfiguration;
			buildSettings = {
				ASSETCATALOG_COMPILER_APPICON_NAME = AppIcon;
				INFOPLIST_FILE = randomPairGenerator/Info.plist;
				LD_RUNPATH_SEARCH_PATHS = "$(inherited) @executable_path/Frameworks";
				PRODUCT_BUNDLE_IDENTIFIER = com.devMountain.randomPairGenerator;
				PRODUCT_NAME = "$(TARGET_NAME)";
				SWIFT_VERSION = 3.0;
			};
			name = Release;
		};
/* End XCBuildConfiguration section */

/* Begin XCConfigurationList section */
		C31EE5DC1E8EB75400433912 /* Build configuration list for PBXProject "randomPairGenerator" */ = {
			isa = XCConfigurationList;
			buildConfigurations = (
				C31EE5F11E8EB75400433912 /* Debug */,
				C31EE5F21E8EB75400433912 /* Release */,
			);
			defaultConfigurationIsVisible = 0;
			defaultConfigurationName = Release;
		};
		C31EE5F31E8EB75400433912 /* Build configuration list for PBXNativeTarget "randomPairGenerator" */ = {
			isa = XCConfigurationList;
			buildConfigurations = (
				C31EE5F41E8EB75400433912 /* Debug */,
				C31EE5F51E8EB75400433912 /* Release */,
			);
			defaultConfigurationIsVisible = 0;
			defaultConfigurationName = Release;
		};
/* End XCConfigurationList section */

/* Begin XCVersionGroup section */
		C3E650851E8ED1090068C07D /* randomPairGenerator.xcdatamodeld */ = {
			isa = XCVersionGroup;
			children = (
				C3E650861E8ED1090068C07D /* randomPairGenerator.xcdatamodel */,
			);
			currentVersion = C3E650861E8ED1090068C07D /* randomPairGenerator.xcdatamodel */;
			path = randomPairGenerator.xcdatamodeld;
			sourceTree = "<group>";
			versionGroupType = wrapper.xcdatamodel;
		};
/* End XCVersionGroup section */
	};
	rootObject = C31EE5D91E8EB75400433912 /* Project object */;
}
